
Microsoft Visual Studio Solution File, Format Version 12.00
# Visual Studio Version 17
VisualStudioVersion = 17.8.34525.116
MinimumVisualStudioVersion = 10.0.40219.1
Project("{FAE04EC0-301F-11D3-BF4B-00C04F79EFBC}") = "DnsDig", "DnsDig\DnsDig.csproj", "{B1EACF94-22A9-4C47-9BE5-33332E39E07B}"
EndProject
Global
	GlobalSection(SolutionConfigurationPlatforms) = preSolution
		Debug|Any CPU = Debug|Any CPU
		Release|Any CPU = Release|Any CPU
	EndGlobalSection
	GlobalSection(ProjectConfigurationPlatforms) = postSolution
		{B1EACF94-22A9-4C47-9BE5-33332E39E07B}.Debug|Any CPU.ActiveCfg = Debug|Any CPU
		{B1EACF94-22A9-4C47-9BE5-33332E39E07B}.Debug|Any CPU.Build.0 = Debug|Any CPU
		{B1EACF94-22A9-4C47-9BE5-33332E39E07B}.Release|Any CPU.ActiveCfg = Release|Any CPU
		{B1EACF94-22A9-4C47-9BE5-33332E39E07B}.Release|Any CPU.Build.0 = Release|Any CPU
	EndGlobalSection
	GlobalSection(SolutionProperties) = preSolution
		HideSolutionNode = FALSE
	EndGlobalSection
	GlobalSection(ExtensibilityGlobals) = postSolution
		SolutionGuid = {16B5EA8E-B5CA-4428-84F0-AB8DA70B5D87}
	EndGlobalSection
EndGlobal
